
Microsoft Visual Studio Solution File, Format Version 12.00
# Visual Studio Version 17
VisualStudioVersion = 17.3.32901.215
MinimumVisualStudioVersion = 10.0.40219.1
Project("{2150E333-8FDC-42A3-9474-1A3956D46DE8}") = "Services", "Services", "{2972F35E-EB5C-45D5-8DBF-81BCA2442673}"
EndProject
Project("{9A19103F-16F7-4668-BE54-9A1E7A4F7556}") = "Users.Api", "Services\Users.Api\Users.Api.csproj", "{448F6B80-78D8-476D-A986-217068956C3D}"
EndProject
Project("{2150E333-8FDC-42A3-9474-1A3956D46DE8}") = "Infrastructure", "Infrastructure", "{D303F4EA-5704-49E5-8D51-CAFC9F5D59AD}"
EndProject
Project("{9A19103F-16F7-4668-BE54-9A1E7A4F7556}") = "MessageBroker.Contract", "Infrastructure\MessageBroker.Contract\MessageBroker.Contract.csproj", "{AA74B446-030E-4C6E-A0E8-F708DDE98039}"
EndProject
Project("{9A19103F-16F7-4668-BE54-9A1E7A4F7556}") = "Inventory.Api", "Services\Inventory.Api\Inventory.Api.csproj", "{5A0296B1-00CB-45CA-AF5C-BBB75A6B1426}"
EndProject
Project("{9A19103F-16F7-4668-BE54-9A1E7A4F7556}") = "Fulfillment", "Services\Fulfillment\Fulfillment.csproj", "{0E09B319-ACE2-4C44-942F-0E4A19468795}"
EndProject
Project("{9A19103F-16F7-4668-BE54-9A1E7A4F7556}") = "Orders.Api", "Services\Orders.Api\Orders.Api.csproj", "{9E655403-87C4-45BC-A9F2-E062F2738C3E}"
EndProject
Project("{9A19103F-16F7-4668-BE54-9A1E7A4F7556}") = "MessageBroker.ActiveMQ.ManualInstrumentation", "Infrastructure\MessageBroker.ActiveMQ.ManualInstrumentation\MessageBroker.ActiveMQ.ManualInstrumentation.csproj", "{EF8C4E73-9D08-4377-96A8-7213921C9B58}"
EndProject
Project("{9A19103F-16F7-4668-BE54-9A1E7A4F7556}") = "MessageBroker.ActiveMQ.AutoInstrumentation", "Infrastructure\MessageBroker.ActiveMQ.AutoInstrumentation\MessageBroker.ActiveMQ.AutoInstrumentation.csproj", "{BD262857-405D-4FD1-819A-A7592AD80A6D}"
EndProject
Project("{9A19103F-16F7-4668-BE54-9A1E7A4F7556}") = "PhoneNotification", "Services\PhoneNotification\PhoneNotification.csproj", "{E8A451DA-18DE-4ED3-8E8C-BB10BE1D8CE2}"
EndProject
Project("{9A19103F-16F7-4668-BE54-9A1E7A4F7556}") = "MailNotification", "Services\MailNotification\MailNotification.csproj", "{7993CDAA-AC16-4E3B-9D30-8F23D3F2B49E}"
EndProject
Global
	GlobalSection(SolutionConfigurationPlatforms) = preSolution
		Debug|Any CPU = Debug|Any CPU
		Release|Any CPU = Release|Any CPU
	EndGlobalSection
	GlobalSection(ProjectConfigurationPlatforms) = postSolution
		{448F6B80-78D8-476D-A986-217068956C3D}.Debug|Any CPU.ActiveCfg = Debug|Any CPU
		{448F6B80-78D8-476D-A986-217068956C3D}.Debug|Any CPU.Build.0 = Debug|Any CPU
		{448F6B80-78D8-476D-A986-217068956C3D}.Release|Any CPU.ActiveCfg = Release|Any CPU
		{448F6B80-78D8-476D-A986-217068956C3D}.Release|Any CPU.Build.0 = Release|Any CPU
		{AA74B446-030E-4C6E-A0E8-F708DDE98039}.Debug|Any CPU.ActiveCfg = Debug|Any CPU
		{AA74B446-030E-4C6E-A0E8-F708DDE98039}.Debug|Any CPU.Build.0 = Debug|Any CPU
		{AA74B446-030E-4C6E-A0E8-F708DDE98039}.Release|Any CPU.ActiveCfg = Release|Any CPU
		{AA74B446-030E-4C6E-A0E8-F708DDE98039}.Release|Any CPU.Build.0 = Release|Any CPU
		{5A0296B1-00CB-45CA-AF5C-BBB75A6B1426}.Debug|Any CPU.ActiveCfg = Debug|Any CPU
		{5A0296B1-00CB-45CA-AF5C-BBB75A6B1426}.Debug|Any CPU.Build.0 = Debug|Any CPU
		{5A0296B1-00CB-45CA-AF5C-BBB75A6B1426}.Release|Any CPU.ActiveCfg = Release|Any CPU
		{5A0296B1-00CB-45CA-AF5C-BBB75A6B1426}.Release|Any CPU.Build.0 = Release|Any CPU
		{0E09B319-ACE2-4C44-942F-0E4A19468795}.Debug|Any CPU.ActiveCfg = Debug|Any CPU
		{0E09B319-ACE2-4C44-942F-0E4A19468795}.Debug|Any CPU.Build.0 = Debug|Any CPU
		{0E09B319-ACE2-4C44-942F-0E4A19468795}.Release|Any CPU.ActiveCfg = Release|Any CPU
		{0E09B319-ACE2-4C44-942F-0E4A19468795}.Release|Any CPU.Build.0 = Release|Any CPU
		{9E655403-87C4-45BC-A9F2-E062F2738C3E}.Debug|Any CPU.ActiveCfg = Debug|Any CPU
		{9E655403-87C4-45BC-A9F2-E062F2738C3E}.Debug|Any CPU.Build.0 = Debug|Any CPU
		{9E655403-87C4-45BC-A9F2-E062F2738C3E}.Release|Any CPU.ActiveCfg = Release|Any CPU
		{9E655403-87C4-45BC-A9F2-E062F2738C3E}.Release|Any CPU.Build.0 = Release|Any CPU
		{EF8C4E73-9D08-4377-96A8-7213921C9B58}.Debug|Any CPU.ActiveCfg = Debug|Any CPU
		{EF8C4E73-9D08-4377-96A8-7213921C9B58}.Debug|Any CPU.Build.0 = Debug|Any CPU
		{EF8C4E73-9D08-4377-96A8-7213921C9B58}.Release|Any CPU.ActiveCfg = Release|Any CPU
		{EF8C4E73-9D08-4377-96A8-7213921C9B58}.Release|Any CPU.Build.0 = Release|Any CPU
		{BD262857-405D-4FD1-819A-A7592AD80A6D}.Debug|Any CPU.ActiveCfg = Debug|Any CPU
		{BD262857-405D-4FD1-819A-A7592AD80A6D}.Debug|Any CPU.Build.0 = Debug|Any CPU
		{BD262857-405D-4FD1-819A-A7592AD80A6D}.Release|Any CPU.ActiveCfg = Release|Any CPU
		{BD262857-405D-4FD1-819A-A7592AD80A6D}.Release|Any CPU.Build.0 = Release|Any CPU
		{E8A451DA-18DE-4ED3-8E8C-BB10BE1D8CE2}.Debug|Any CPU.ActiveCfg = Debug|Any CPU
		{E8A451DA-18DE-4ED3-8E8C-BB10BE1D8CE2}.Debug|Any CPU.Build.0 = Debug|Any CPU
		{E8A451DA-18DE-4ED3-8E8C-BB10BE1D8CE2}.Release|Any CPU.ActiveCfg = Release|Any CPU
		{E8A451DA-18DE-4ED3-8E8C-BB10BE1D8CE2}.Release|Any CPU.Build.0 = Release|Any CPU
		{7993CDAA-AC16-4E3B-9D30-8F23D3F2B49E}.Debug|Any CPU.ActiveCfg = Debug|Any CPU
		{7993CDAA-AC16-4E3B-9D30-8F23D3F2B49E}.Debug|Any CPU.Build.0 = Debug|Any CPU
		{7993CDAA-AC16-4E3B-9D30-8F23D3F2B49E}.Release|Any CPU.ActiveCfg = Release|Any CPU
		{7993CDAA-AC16-4E3B-9D30-8F23D3F2B49E}.Release|Any CPU.Build.0 = Release|Any CPU
	EndGlobalSection
	GlobalSection(SolutionProperties) = preSolution
		HideSolutionNode = FALSE
	EndGlobalSection
	GlobalSection(NestedProjects) = preSolution
		{448F6B80-78D8-476D-A986-217068956C3D} = {2972F35E-EB5C-45D5-8DBF-81BCA2442673}
		{AA74B446-030E-4C6E-A0E8-F708DDE98039} = {D303F4EA-5704-49E5-8D51-CAFC9F5D59AD}
		{5A0296B1-00CB-45CA-AF5C-BBB75A6B1426} = {2972F35E-EB5C-45D5-8DBF-81BCA2442673}
		{0E09B319-ACE2-4C44-942F-0E4A19468795} = {2972F35E-EB5C-45D5-8DBF-81BCA2442673}
		{9E655403-87C4-45BC-A9F2-E062F2738C3E} = {2972F35E-EB5C-45D5-8DBF-81BCA2442673}
		{EF8C4E73-9D08-4377-96A8-7213921C9B58} = {D303F4EA-5704-49E5-8D51-CAFC9F5D59AD}
		{BD262857-405D-4FD1-819A-A7592AD80A6D} = {D303F4EA-5704-49E5-8D51-CAFC9F5D59AD}
		{E8A451DA-18DE-4ED3-8E8C-BB10BE1D8CE2} = {2972F35E-EB5C-45D5-8DBF-81BCA2442673}
		{7993CDAA-AC16-4E3B-9D30-8F23D3F2B49E} = {2972F35E-EB5C-45D5-8DBF-81BCA2442673}
	EndGlobalSection
	GlobalSection(ExtensibilityGlobals) = postSolution
		SolutionGuid = {768365AB-1072-4B5E-80AA-6F365399ADD8}
	EndGlobalSection
EndGlobal
